// !$*UTF8*$!
{
	archiveVersion = 1;
	classes = {
	};
	objectVersion = 50;
	objects = {

/* Begin PBXBuildFile section */
		0115647122CB4147008D8B42 /* NotesListViewController.swift in Sources */ = {isa = PBXBuildFile; fileRef = 0115647022CB4147008D8B42 /* NotesListViewController.swift */; };
		0115647322CB4D01008D8B42 /* NoteFille.swift in Sources */ = {isa = PBXBuildFile; fileRef = 0115647222CB4D01008D8B42 /* NoteFille.swift */; };
		0115647522CB4FEF008D8B42 /* NotesTableViewCell.swift in Sources */ = {isa = PBXBuildFile; fileRef = 0115647422CB4FEF008D8B42 /* NotesTableViewCell.swift */; };
		0115647722CB5B80008D8B42 /* AddNoteViewController.swift in Sources */ = {isa = PBXBuildFile; fileRef = 0115647622CB5B80008D8B42 /* AddNoteViewController.swift */; };
		0184DE7622CEB14100F0974C /* DiteilsViewController.swift in Sources */ = {isa = PBXBuildFile; fileRef = 0184DE7522CEB14100F0974C /* DiteilsViewController.swift */; };
		01F7350A22CAAA4000A62C49 /* AppDelegate.swift in Sources */ = {isa = PBXBuildFile; fileRef = 01F7350922CAAA4000A62C49 /* AppDelegate.swift */; };
		01F7350F22CAAA4000A62C49 /* Main.storyboard in Resources */ = {isa = PBXBuildFile; fileRef = 01F7350D22CAAA4000A62C49 /* Main.storyboard */; };
		01F7351122CAAA4400A62C49 /* Assets.xcassets in Resources */ = {isa = PBXBuildFile; fileRef = 01F7351022CAAA4400A62C49 /* Assets.xcassets */; };
		01F7351422CAAA4400A62C49 /* LaunchScreen.storyboard in Resources */ = {isa = PBXBuildFile; fileRef = 01F7351222CAAA4400A62C49 /* LaunchScreen.storyboard */; };
		01F7351C22CAAAE400A62C49 /* LoginViewController.swift in Sources */ = {isa = PBXBuildFile; fileRef = 01F7351B22CAAAE400A62C49 /* LoginViewController.swift */; };
/* End PBXBuildFile section */

/* Begin PBXFileReference section */
		0115647022CB4147008D8B42 /* NotesListViewController.swift */ = {isa = PBXFileReference; lastKnownFileType = sourcecode.swift; path = NotesListViewController.swift; sourceTree = "<group>"; };
		0115647222CB4D01008D8B42 /* NoteFille.swift */ = {isa = PBXFileReference; lastKnownFileType = sourcecode.swift; path = NoteFille.swift; sourceTree = "<group>"; };
		0115647422CB4FEF008D8B42 /* NotesTableViewCell.swift */ = {isa = PBXFileReference; lastKnownFileType = sourcecode.swift; path = NotesTableViewCell.swift; sourceTree = "<group>"; };
		0115647622CB5B80008D8B42 /* AddNoteViewController.swift */ = {isa = PBXFileReference; lastKnownFileType = sourcecode.swift; path = AddNoteViewController.swift; sourceTree = "<group>"; };
		0184DE7522CEB14100F0974C /* DiteilsViewController.swift */ = {isa = PBXFileReference; lastKnownFileType = sourcecode.swift; path = DiteilsViewController.swift; sourceTree = "<group>"; };
		01F7350622CAAA4000A62C49 /* Notes.app */ = {isa = PBXFileReference; explicitFileType = wrapper.application; includeInIndex = 0; path = Notes.app; sourceTree = BUILT_PRODUCTS_DIR; };
		01F7350922CAAA4000A62C49 /* AppDelegate.swift */ = {isa = PBXFileReference; lastKnownFileType = sourcecode.swift; path = AppDelegate.swift; sourceTree = "<group>"; };
		01F7350E22CAAA4000A62C49 /* Base */ = {isa = PBXFileReference; lastKnownFileType = file.storyboard; name = Base; path = Base.lproj/Main.storyboard; sourceTree = "<group>"; };
		01F7351022CAAA4400A62C49 /* Assets.xcassets */ = {isa = PBXFileReference; lastKnownFileType = folder.assetcatalog; path = Assets.xcassets; sourceTree = "<group>"; };
		01F7351322CAAA4400A62C49 /* Base */ = {isa = PBXFileReference; lastKnownFileType = file.storyboard; name = Base; path = Base.lproj/LaunchScreen.storyboard; sourceTree = "<group>"; };
		01F7351522CAAA4400A62C49 /* Info.plist */ = {isa = PBXFileReference; lastKnownFileType = text.plist.xml; path = Info.plist; sourceTree = "<group>"; };
		01F7351B22CAAAE400A62C49 /* LoginViewController.swift */ = {isa = PBXFileReference; lastKnownFileType = sourcecode.swift; path = LoginViewController.swift; sourceTree = "<group>"; };
/* End PBXFileReference section */

/* Begin PBXFrameworksBuildPhase section */
		01F7350322CAAA4000A62C49 /* Frameworks */ = {
			isa = PBXFrameworksBuildPhase;
			buildActionMask = 2147483647;
			files = (
			);
			runOnlyForDeploymentPostprocessing = 0;
		};
/* End PBXFrameworksBuildPhase section */

/* Begin PBXGroup section */
		01F734FD22CAAA4000A62C49 = {
			isa = PBXGroup;
			children = (
				01F7350822CAAA4000A62C49 /* Notes */,
				01F7350722CAAA4000A62C49 /* Products */,
			);
			sourceTree = "<group>";
		};
		01F7350722CAAA4000A62C49 /* Products */ = {
			isa = PBXGroup;
			children = (
				01F7350622CAAA4000A62C49 /* Notes.app */,
			);
			name = Products;
			sourceTree = "<group>";
		};
		01F7350822CAAA4000A62C49 /* Notes */ = {
			isa = PBXGroup;
			children = (
				01F7350D22CAAA4000A62C49 /* Main.storyboard */,
				01F7350922CAAA4000A62C49 /* AppDelegate.swift */,
				01F7351B22CAAAE400A62C49 /* LoginViewController.swift */,
				0115647222CB4D01008D8B42 /* NoteFille.swift */,
				0115647422CB4FEF008D8B42 /* NotesTableViewCell.swift */,
				0115647022CB4147008D8B42 /* NotesListViewController.swift */,
				0115647622CB5B80008D8B42 /* AddNoteViewController.swift */,
				0184DE7522CEB14100F0974C /* DiteilsViewController.swift */,
				01F7351022CAAA4400A62C49 /* Assets.xcassets */,
				01F7351222CAAA4400A62C49 /* LaunchScreen.storyboard */,
				01F7351522CAAA4400A62C49 /* Info.plist */,
			);
			path = Notes;
			sourceTree = "<group>";
		};
/* End PBXGroup section */

/* Begin PBXNativeTarget section */
		01F7350522CAAA4000A62C49 /* Notes */ = {
			isa = PBXNativeTarget;
			buildConfigurationList = 01F7351822CAAA4400A62C49 /* Build configuration list for PBXNativeTarget "Notes" */;
			buildPhases = (
				01F7350222CAAA4000A62C49 /* Sources */,
				01F7350322CAAA4000A62C49 /* Frameworks */,
				01F7350422CAAA4000A62C49 /* Resources */,
			);
			buildRules = (
			);
			dependencies = (
			);
			name = Notes;
			productName = Notes;
			productReference = 01F7350622CAAA4000A62C49 /* Notes.app */;
			productType = "com.apple.product-type.application";
		};
/* End PBXNativeTarget section */

/* Begin PBXProject section */
		01F734FE22CAAA4000A62C49 /* Project object */ = {
			isa = PBXProject;
			attributes = {
				LastSwiftUpdateCheck = 1020;
				LastUpgradeCheck = 1020;
				ORGANIZATIONNAME = SLTeam;
				TargetAttributes = {
					01F7350522CAAA4000A62C49 = {
						CreatedOnToolsVersion = 10.2.1;
					};
				};
			};
			buildConfigurationList = 01F7350122CAAA4000A62C49 /* Build configuration list for PBXProject "Notes" */;
			compatibilityVersion = "Xcode 9.3";
			developmentRegion = en;
			hasScannedForEncodings = 0;
			knownRegions = (
				en,
				Base,
			);
			mainGroup = 01F734FD22CAAA4000A62C49;
			productRefGroup = 01F7350722CAAA4000A62C49 /* Products */;
			projectDirPath = "";
			projectRoot = "";
			targets = (
				01F7350522CAAA4000A62C49 /* Notes */,
			);
		};
/* End PBXProject section */

/* Begin PBXResourcesBuildPhase section */
		01F7350422CAAA4000A62C49 /* Resources */ = {
			isa = PBXResourcesBuildPhase;
			buildActionMask = 2147483647;
			files = (
				01F7351422CAAA4400A62C49 /* LaunchScreen.storyboard in Resources */,
				01F7351122CAAA4400A62C49 /* Assets.xcassets in Resources */,
				01F7350F22CAAA4000A62C49 /* Main.storyboard in Resources */,
			);
			runOnlyForDeploymentPostprocessing = 0;
		};
/* End PBXResourcesBuildPhase section */

/* Begin PBXSourcesBuildPhase section */
		01F7350222CAAA4000A62C49 /* Sources */ = {
			isa = PBXSourcesBuildPhase;
			buildActionMask = 2147483647;
			files = (
				0115647322CB4D01008D8B42 /* NoteFille.swift in Sources */,
				01F7351C22CAAAE400A62C49 /* LoginViewController.swift in Sources */,
				0115647722CB5B80008D8B42 /* AddNoteViewController.swift in Sources */,
				0115647522CB4FEF008D8B42 /* NotesTableViewCell.swift in Sources */,
				0184DE7622CEB14100F0974C /* DiteilsViewController.swift in Sources */,
				0115647122CB4147008D8B42 /* NotesListViewController.swift in Sources */,
				01F7350A22CAAA4000A62C49 /* AppDelegate.swift in Sources */,
			);
			runOnlyForDeploymentPostprocessing = 0;
		};
/* End PBXSourcesBuildPhase section */

/* Begin PBXVariantGroup section */
		01F7350D22CAAA4000A62C49 /* Main.storyboard */ = {
			isa = PBXVariantGroup;
			children = (
				01F7350E22CAAA4000A62C49 /* Base */,
			);
			name = Main.storyboard;
			sourceTree = "<group>";
		};
		01F7351222CAAA4400A62C49 /* LaunchScreen.storyboard */ = {
			isa = PBXVariantGroup;
			children = (
				01F7351322CAAA4400A62C49 /* Base */,
			);
			name = LaunchScreen.storyboard;
			sourceTree = "<group>";
		};
/* End PBXVariantGroup section */

/* Begin XCBuildConfiguration section */
		01F7351622CAAA4400A62C49 /* Debug */ = {
			isa = XCBuildConfiguration;
			buildSettings = {
				ALWAYS_SEARCH_USER_PATHS = NO;
				CLANG_ANALYZER_NONNULL = YES;
				CLANG_ANALYZER_NUMBER_OBJECT_CONVERSION = YES_AGGRESSIVE;
				CLANG_CXX_LANGUAGE_STANDARD = "gnu++14";
				CLANG_CXX_LIBRARY = "libc++";
				CLANG_ENABLE_MODULES = YES;
				CLANG_ENABLE_OBJC_ARC = YES;
				CLANG_ENABLE_OBJC_WEAK = YES;
				CLANG_WARN_BLOCK_CAPTURE_AUTORELEASING = YES;
				CLANG_WARN_BOOL_CONVERSION = YES;
				CLANG_WARN_COMMA = YES;
				CLANG_WARN_CONSTANT_CONVERSION = YES;
				CLANG_WARN_DEPRECATED_OBJC_IMPLEMENTATIONS = YES;
				CLANG_WARN_DIRECT_OBJC_ISA_USAGE = YES_ERROR;
				CLANG_WARN_DOCUMENTATION_COMMENTS = YES;
				CLANG_WARN_EMPTY_BODY = YES;
				CLANG_WARN_ENUM_CONVERSION = YES;
				CLANG_WARN_INFINITE_RECURSION = YES;
				CLANG_WARN_INT_CONVERSION = YES;
				CLANG_WARN_NON_LITERAL_NULL_CONVERSION = YES;
				CLANG_WARN_OBJC_IMPLICIT_RETAIN_SELF = YES;
				CLANG_WARN_OBJC_LITERAL_CONVERSION = YES;
				CLANG_WARN_OBJC_ROOT_CLASS = YES_ERROR;
				CLANG_WARN_RANGE_LOOP_ANALYSIS = YES;
				CLANG_WARN_STRICT_PROTOTYPES = YES;
				CLANG_WARN_SUSPICIOUS_MOVE = YES;
				CLANG_WARN_UNGUARDED_AVAILABILITY = YES_AGGRESSIVE;
				CLANG_WARN_UNREACHABLE_CODE = YES;
				CLANG_WARN__DUPLICATE_METHOD_MATCH = YES;
				CODE_SIGN_IDENTITY = "iPhone Developer";
				COPY_PHASE_STRIP = NO;
				DEBUG_INFORMATION_FORMAT = dwarf;
				ENABLE_STRICT_OBJC_MSGSEND = YES;
				ENABLE_TESTABILITY = YES;
				GCC_C_LANGUAGE_STANDARD = gnu11;
				GCC_DYNAMIC_NO_PIC = NO;
				GCC_NO_COMMON_BLOCKS = YES;
				GCC_OPTIMIZATION_LEVEL = 0;
				GCC_PREPROCESSOR_DEFINITIONS = (
					"DEBUG=1",
					"$(inherited)",
				);
				GCC_WARN_64_TO_32_BIT_CONVERSION = YES;
				GCC_WARN_ABOUT_RETURN_TYPE = YES_ERROR;
				GCC_WARN_UNDECLARED_SELECTOR = YES;
				GCC_WARN_UNINITIALIZED_AUTOS = YES_AGGRESSIVE;
				GCC_WARN_UNUSED_FUNCTION = YES;
				GCC_WARN_UNUSED_VARIABLE = YES;
				IPHONEOS_DEPLOYMENT_TARGET = 12.2;
				MTL_ENABLE_DEBUG_INFO = INCLUDE_SOURCE;
				MTL_FAST_MATH = YES;
				ONLY_ACTIVE_ARCH = YES;
				SDKROOT = iphoneos;
				SWIFT_ACTIVE_COMPILATION_CONDITIONS = DEBUG;
				SWIFT_OPTIMIZATION_LEVEL = "-Onone";
			};
			name = Debug;
		};
		01F7351722CAAA4400A62C49 /* Release */ = {
			isa = XCBuildConfiguration;
			buildSettings = {
				ALWAYS_SEARCH_USER_PATHS = NO;
				CLANG_ANALYZER_NONNULL = YES;
				CLANG_ANALYZER_NUMBER_OBJECT_CONVERSION = YES_AGGRESSIVE;
				CLANG_CXX_LANGUAGE_STANDARD = "gnu++14";
				CLANG_CXX_LIBRARY = "libc++";
				CLANG_ENABLE_MODULES = YES;
				CLANG_ENABLE_OBJC_ARC = YES;
				CLANG_ENABLE_OBJC_WEAK = YES;
				CLANG_WARN_BLOCK_CAPTURE_AUTORELEASING = YES;
				CLANG_WARN_BOOL_CONVERSION = YES;
				CLANG_WARN_COMMA = YES;
				CLANG_WARN_CONSTANT_CONVERSION = YES;
				CLANG_WARN_DEPRECATED_OBJC_IMPLEMENTATIONS = YES;
				CLANG_WARN_DIRECT_OBJC_ISA_USAGE = YES_ERROR;
				CLANG_WARN_DOCUMENTATION_COMMENTS = YES;
				CLANG_WARN_EMPTY_BODY = YES;
				CLANG_WARN_ENUM_CONVERSION = YES;
				CLANG_WARN_INFINITE_RECURSION = YES;
				CLANG_WARN_INT_CONVERSION = YES;
				CLANG_WARN_NON_LITERAL_NULL_CONVERSION = YES;
				CLANG_WARN_OBJC_IMPLICIT_RETAIN_SELF = YES;
				CLANG_WARN_OBJC_LITERAL_CONVERSION = YES;
				CLANG_WARN_OBJC_ROOT_CLASS = YES_ERROR;
				CLANG_WARN_RANGE_LOOP_ANALYSIS = YES;
				CLANG_WARN_STRICT_PROTOTYPES = YES;
				CLANG_WARN_SUSPICIOUS_MOVE = YES;
				CLANG_WARN_UNGUARDED_AVAILABILITY = YES_AGGRESSIVE;
				CLANG_WARN_UNREACHABLE_CODE = YES;
				CLANG_WARN__DUPLICATE_METHOD_MATCH = YES;
				CODE_SIGN_IDENTITY = "iPhone Developer";
				COPY_PHASE_STRIP = NO;
				DEBUG_INFORMATION_FORMAT = "dwarf-with-dsym";
				ENABLE_NS_ASSERTIONS = NO;
				ENABLE_STRICT_OBJC_MSGSEND = YES;
				GCC_C_LANGUAGE_STANDARD = gnu11;
				GCC_NO_COMMON_BLOCKS = YES;
				GCC_WARN_64_TO_32_BIT_CONVERSION = YES;
				GCC_WARN_ABOUT_RETURN_TYPE = YES_ERROR;
				GCC_WARN_UNDECLARED_SELECTOR = YES;
				GCC_WARN_UNINITIALIZED_AUTOS = YES_AGGRESSIVE;
				GCC_WARN_UNUSED_FUNCTION = YES;
				GCC_WARN_UNUSED_VARIABLE = YES;
				IPHONEOS_DEPLOYMENT_TARGET = 12.2;
				MTL_ENABLE_DEBUG_INFO = NO;
				MTL_FAST_MATH = YES;
				SDKROOT = iphoneos;
				SWIFT_COMPILATION_MODE = wholemodule;
				SWIFT_OPTIMIZATION_LEVEL = "-O";
				VALIDATE_PRODUCT = YES;
			};
			name = Release;
		};
		01F7351922CAAA4400A62C49 /* Debug */ = {
			isa = XCBuildConfiguration;
			buildSettings = {
				ASSETCATALOG_COMPILER_APPICON_NAME = AppIcon;
				CODE_SIGN_STYLE = Automatic;
				INFOPLIST_FILE = Notes/Info.plist;
				LD_RUNPATH_SEARCH_PATHS = (
					"$(inherited)",
					"@executable_path/Frameworks",
				);
				PRODUCT_BUNDLE_IDENTIFIER = cpp.Notes;
				PRODUCT_NAME = "$(TARGET_NAME)";
				SWIFT_VERSION = 5.0;
				TARGETED_DEVICE_FAMILY = "1,2";
			};
			name = Debug;
		};
		01F7351A22CAAA4400A62C49 /* Release */ = {
			isa = XCBuildConfiguration;
			buildSettings = {
				ASSETCATALOG_COMPILER_APPICON_NAME = AppIcon;
				CODE_SIGN_STYLE = Automatic;
				INFOPLIST_FILE = Notes/Info.plist;
				LD_RUNPATH_SEARCH_PATHS = (
					"$(inherited)",
					"@executable_path/Frameworks",
				);
				PRODUCT_BUNDLE_IDENTIFIER = cpp.Notes;
				PRODUCT_NAME = "$(TARGET_NAME)";
				SWIFT_VERSION = 5.0;
				TARGETED_DEVICE_FAMILY = "1,2";
			};
			name = Release;
		};
/* End XCBuildConfiguration section */

/* Begin XCConfigurationList section */
		01F7350122CAAA4000A62C49 /* Build configuration list for PBXProject "Notes" */ = {
			isa = XCConfigurationList;
			buildConfigurations = (
				01F7351622CAAA4400A62C49 /* Debug */,
				01F7351722CAAA4400A62C49 /* Release */,
			);
			defaultConfigurationIsVisible = 0;
			defaultConfigurationName = Release;
		};
		01F7351822CAAA4400A62C49 /* Build configuration list for PBXNativeTarget "Notes" */ = {
			isa = XCConfigurationList;
			buildConfigurations = (
				01F7351922CAAA4400A62C49 /* Debug */,
				01F7351A22CAAA4400A62C49 /* Release */,
			);
			defaultConfigurationIsVisible = 0;
			defaultConfigurationName = Release;
		};
/* End XCConfigurationList section */
	};
	rootObject = 01F734FE22CAAA4000A62C49 /* Project object */;
}
